
Microsoft Visual Studio Solution File, Format Version 12.00
# Visual Studio Version 16
VisualStudioVersion = 16.0.29209.62
MinimumVisualStudioVersion = 10.0.40219.1
Project("{FAE04EC0-301F-11D3-BF4B-00C04F79EFBC}") = "YurtKayitOtomasyonu", "YurtKayitOtomasyonu\YurtKayitOtomasyonu.csproj", "{4871FD6B-69F2-457A-B701-46A86016244F}"
EndProject
Global
	GlobalSection(SolutionConfigurationPlatforms) = preSolution
		Debug|Any CPU = Debug|Any CPU
		Release|Any CPU = Release|Any CPU
	EndGlobalSection
	GlobalSection(ProjectConfigurationPlatforms) = postSolution
		{4871FD6B-69F2-457A-B701-46A86016244F}.Debug|Any CPU.ActiveCfg = Debug|Any CPU
		{4871FD6B-69F2-457A-B701-46A86016244F}.Debug|Any CPU.Build.0 = Debug|Any CPU
		{4871FD6B-69F2-457A-B701-46A86016244F}.Release|Any CPU.ActiveCfg = Release|Any CPU
		{4871FD6B-69F2-457A-B701-46A86016244F}.Release|Any CPU.Build.0 = Release|Any CPU
	EndGlobalSection
	GlobalSection(SolutionProperties) = preSolution
		HideSolutionNode = FALSE
	EndGlobalSection
	GlobalSection(ExtensibilityGlobals) = postSolution
		SolutionGuid = {8D81FC9E-ED7E-4B86-8E18-AEE7ED4488C0}
	EndGlobalSection
EndGlobal
